{
  "requires": true,
  "lockfileVersion": 1,
  "dependencies": {
    "home-dir": {
      "version": "1.0.0",
      "resolved": "https://registry.npmjs.org/home-dir/-/home-dir-1.0.0.tgz",
      "integrity": "sha1-KRfrRL3JByztqUJXlUOEfjAX/k4="
    },
    "jupyter-paths": {
      "version": "2.0.0",
      "resolved": "https://registry.npmjs.org/jupyter-paths/-/jupyter-paths-2.0.0.tgz",
      "integrity": "sha512-ZbilXKaJbzGmMDYY/ShC3JNC+/iqFhKaFAqN2VlzrYL17ZjBAM8nTAP2hsi3K5aR5MeQZ28sL+rFmVbDHtbXew==",
      "requires": {
        "home-dir": "^1.0.0"
      }
    },
    "kernelspecs": {
      "version": "2.0.0",
      "resolved": "https://registry.npmjs.org/kernelspecs/-/kernelspecs-2.0.0.tgz",
      "integrity": "sha512-lce4pPDrs4VdxKYTEBnGLT81A3yNP8syyMAq5AejE+CKAkiXQXrHZaHO1F4c/RmgkKKF1Otis1XrpBxOOQsdnw==",
      "requires": {
        "jupyter-paths": "^2.0.0"
      }
    }
  }
}
